PODS:
  - Alamofire (3.2.1)
  - Google-Material-Design-Icons-Swift (1.0.1)
  - Hex (3.0.0)
  - ionicons (2.0.3)
  - KeychainSwift (3.0.11)
  - Material (1.34.10)
  - SwiftLocation (0.2.0)
  - Timepiece (0.4.2)

DEPENDENCIES:
  - Alamofire (~> 3.0)
  - Google-Material-Design-Icons-Swift (~> 1.0.1)
  - Hex
  - ionicons
  - KeychainSwift (~> 3.0)
  - Material
  - SwiftLocation
  - Timepiece

SPEC CHECKSUMS:
  Alamofire: f11d8624a05f5d39e0c99309b3e600a3ba64298a
  Google-Material-Design-Icons-Swift: ff587db57d713061f66b8457229d1af2cae84c56
  Hex: ee430da9c4412d9196366ae5327f279021dc03eb
  ionicons: ec1e86e6c3316bd9942a7f024080dd75c70dd6a5
  KeychainSwift: 0a4214c910423543a42b0f30f25987d46178b6a5
  Material: 20006d45c0deb9ae78cad95c9e2b71309f67ec29
  SwiftLocation: ea78ae4a822581bde7379d98c8513273723c8840
  Timepiece: cf53bb908bf542acc0e3d5f69cabfed869df4ebd

COCOAPODS: 0.39.0
